// !$*UTF8*$!
{
	archiveVersion = 1;
	classes = {
	};
	objectVersion = 46;
	objects = {

/* Begin PBXBuildFile section */
		081441D24E42EB0DA902E294 /* Pods_IronWaterTest.framework in Frameworks */ = {isa = PBXBuildFile; fileRef = 554B6755FB92E7B99256DA9D /* Pods_IronWaterTest.framework */; };
		4EF2C6413ADCB4A507AB40EE /* Pods_IronWaterTestTests.framework in Frameworks */ = {isa = PBXBuildFile; fileRef = DA93C044FE0714ED8E950212 /* Pods_IronWaterTestTests.framework */; };
		844D836C1E5983B900DFA006 /* TableViewGender.xib in Resources */ = {isa = PBXBuildFile; fileRef = 844D836B1E5983B900DFA006 /* TableViewGender.xib */; };
		844D83701E59890200DFA006 /* TableViewGender.swift in Sources */ = {isa = PBXBuildFile; fileRef = 844D836F1E59890200DFA006 /* TableViewGender.swift */; };
		844D83721E59B33F00DFA006 /* Constants.swift in Sources */ = {isa = PBXBuildFile; fileRef = 844D83711E59B33F00DFA006 /* Constants.swift */; };
		847D543C1E585AD3001A1C4F /* AppDelegate.swift in Sources */ = {isa = PBXBuildFile; fileRef = 847D543B1E585AD3001A1C4F /* AppDelegate.swift */; };
		847D543E1E585AD3001A1C4F /* ViewController.swift in Sources */ = {isa = PBXBuildFile; fileRef = 847D543D1E585AD3001A1C4F /* ViewController.swift */; };
		847D54411E585AD3001A1C4F /* Main.storyboard in Resources */ = {isa = PBXBuildFile; fileRef = 847D543F1E585AD3001A1C4F /* Main.storyboard */; };
		847D54431E585AD3001A1C4F /* Assets.xcassets in Resources */ = {isa = PBXBuildFile; fileRef = 847D54421E585AD3001A1C4F /* Assets.xcassets */; };
		847D54461E585AD3001A1C4F /* LaunchScreen.storyboard in Resources */ = {isa = PBXBuildFile; fileRef = 847D54441E585AD3001A1C4F /* LaunchScreen.storyboard */; };
		847D54511E585AD4001A1C4F /* IronWaterTestTests.swift in Sources */ = {isa = PBXBuildFile; fileRef = 847D54501E585AD4001A1C4F /* IronWaterTestTests.swift */; };
		847D545C1E585AD4001A1C4F /* IronWaterTestUITests.swift in Sources */ = {isa = PBXBuildFile; fileRef = 847D545B1E585AD4001A1C4F /* IronWaterTestUITests.swift */; };
		847D546B1E586135001A1C4F /* TableViewCellUser.xib in Resources */ = {isa = PBXBuildFile; fileRef = 847D546A1E586135001A1C4F /* TableViewCellUser.xib */; };
		847D546F1E586284001A1C4F /* TableViewCellUser.swift in Sources */ = {isa = PBXBuildFile; fileRef = 847D546E1E586284001A1C4F /* TableViewCellUser.swift */; };
		847D54731E586787001A1C4F /* ViewControllerSplash.swift in Sources */ = {isa = PBXBuildFile; fileRef = 847D54721E586787001A1C4F /* ViewControllerSplash.swift */; };
		847D54781E587562001A1C4F /* ModelUser.swift in Sources */ = {isa = PBXBuildFile; fileRef = 847D54771E587562001A1C4F /* ModelUser.swift */; };
		847D547A1E5879AC001A1C4F /* Cache.swift in Sources */ = {isa = PBXBuildFile; fileRef = 847D54791E5879AC001A1C4F /* Cache.swift */; };
		847D547E1E588668001A1C4F /* TableViewCellEdit.xib in Resources */ = {isa = PBXBuildFile; fileRef = 847D547D1E588668001A1C4F /* TableViewCellEdit.xib */; };
		847D54801E588C31001A1C4F /* TableViewCellUserEdit.swift in Sources */ = {isa = PBXBuildFile; fileRef = 847D547F1E588C31001A1C4F /* TableViewCellUserEdit.swift */; };
		847D54821E588D0E001A1C4F /* ViewControllerEdit.swift in Sources */ = {isa = PBXBuildFile; fileRef = 847D54811E588D0E001A1C4F /* ViewControllerEdit.swift */; };
		C73B9AC4B11355734FD175B9 /* Pods_IronWaterTestUITests.framework in Frameworks */ = {isa = PBXBuildFile; fileRef = B670814A59702FDE6201BFAB /* Pods_IronWaterTestUITests.framework */; };
/* End PBXBuildFile section */

/* Begin PBXContainerItemProxy section */
		847D544D1E585AD4001A1C4F /* PBXContainerItemProxy */ = {
			isa = PBXContainerItemProxy;
			containerPortal = 847D54301E585AD3001A1C4F /* Project object */;
			proxyType = 1;
			remoteGlobalIDString = 847D54371E585AD3001A1C4F;
			remoteInfo = IronWaterTest;
		};
		847D54581E585AD4001A1C4F /* PBXContainerItemProxy */ = {
			isa = PBXContainerItemProxy;
			containerPortal = 847D54301E585AD3001A1C4F /* Project object */;
			proxyType = 1;
			remoteGlobalIDString = 847D54371E585AD3001A1C4F;
			remoteInfo = IronWaterTest;
		};
/* End PBXContainerItemProxy section */

/* Begin PBXFileReference section */
		3FBBFEB1EDBEF8178106522E /* Pods-IronWaterTestTests.debug.xcconfig */ = {isa = PBXFileReference; includeInIndex = 1; lastKnownFileType = text.xcconfig; name = "Pods-IronWaterTestTests.debug.xcconfig"; path = "Pods/Target Support Files/Pods-IronWaterTestTests/Pods-IronWaterTestTests.debug.xcconfig"; sourceTree = "<group>"; };
		40E1419C71AF891B9FABDACC /* Pods-IronWaterTest.release.xcconfig */ = {isa = PBXFileReference; includeInIndex = 1; lastKnownFileType = text.xcconfig; name = "Pods-IronWaterTest.release.xcconfig"; path = "Pods/Target Support Files/Pods-IronWaterTest/Pods-IronWaterTest.release.xcconfig"; sourceTree = "<group>"; };
		51EE4DC96D5306EC4D4B0A30 /* Pods-IronWaterTestUITests.release.xcconfig */ = {isa = PBXFileReference; includeInIndex = 1; lastKnownFileType = text.xcconfig; name = "Pods-IronWaterTestUITests.release.xcconfig"; path = "Pods/Target Support Files/Pods-IronWaterTestUITests/Pods-IronWaterTestUITests.release.xcconfig"; sourceTree = "<group>"; };
		554B6755FB92E7B99256DA9D /* Pods_IronWaterTest.framework */ = {isa = PBXFileReference; explicitFileType = wrapper.framework; includeInIndex = 0; path = Pods_IronWaterTest.framework; sourceTree = BUILT_PRODUCTS_DIR; };
		844D836B1E5983B900DFA006 /* TableViewGender.xib */ = {isa = PBXFileReference; fileEncoding = 4; lastKnownFileType = file.xib; path = TableViewGender.xib; sourceTree = "<group>"; };
		844D836F1E59890200DFA006 /* TableViewGender.swift */ = {isa = PBXFileReference; fileEncoding = 4; lastKnownFileType = sourcecode.swift; path = TableViewGender.swift; sourceTree = "<group>"; };
		844D83711E59B33F00DFA006 /* Constants.swift */ = {isa = PBXFileReference; fileEncoding = 4; lastKnownFileType = sourcecode.swift; path = Constants.swift; sourceTree = "<group>"; };
		847D54381E585AD3001A1C4F /* IronWaterTest.app */ = {isa = PBXFileReference; explicitFileType = wrapper.application; includeInIndex = 0; path = IronWaterTest.app; sourceTree = BUILT_PRODUCTS_DIR; };
		847D543B1E585AD3001A1C4F /* AppDelegate.swift */ = {isa = PBXFileReference; lastKnownFileType = sourcecode.swift; path = AppDelegate.swift; sourceTree = "<group>"; };
		847D543D1E585AD3001A1C4F /* ViewController.swift */ = {isa = PBXFileReference; lastKnownFileType = sourcecode.swift; path = ViewController.swift; sourceTree = "<group>"; };
		847D54401E585AD3001A1C4F /* Base */ = {isa = PBXFileReference; lastKnownFileType = file.storyboard; name = Base; path = Base.lproj/Main.storyboard; sourceTree = "<group>"; };
		847D54421E585AD3001A1C4F /* Assets.xcassets */ = {isa = PBXFileReference; lastKnownFileType = folder.assetcatalog; path = Assets.xcassets; sourceTree = "<group>"; };
		847D54451E585AD3001A1C4F /* Base */ = {isa = PBXFileReference; lastKnownFileType = file.storyboard; name = Base; path = Base.lproj/LaunchScreen.storyboard; sourceTree = "<group>"; };
		847D54471E585AD3001A1C4F /* Info.plist */ = {isa = PBXFileReference; lastKnownFileType = text.plist.xml; path = Info.plist; sourceTree = "<group>"; };
		847D544C1E585AD4001A1C4F /* IronWaterTestTests.xctest */ = {isa = PBXFileReference; explicitFileType = wrapper.cfbundle; includeInIndex = 0; path = IronWaterTestTests.xctest; sourceTree = BUILT_PRODUCTS_DIR; };
		847D54501E585AD4001A1C4F /* IronWaterTestTests.swift */ = {isa = PBXFileReference; lastKnownFileType = sourcecode.swift; path = IronWaterTestTests.swift; sourceTree = "<group>"; };
		847D54521E585AD4001A1C4F /* Info.plist */ = {isa = PBXFileReference; lastKnownFileType = text.plist.xml; path = Info.plist; sourceTree = "<group>"; };
		847D54571E585AD4001A1C4F /* IronWaterTestUITests.xctest */ = {isa = PBXFileReference; explicitFileType = wrapper.cfbundle; includeInIndex = 0; path = IronWaterTestUITests.xctest; sourceTree = BUILT_PRODUCTS_DIR; };
		847D545B1E585AD4001A1C4F /* IronWaterTestUITests.swift */ = {isa = PBXFileReference; lastKnownFileType = sourcecode.swift; path = IronWaterTestUITests.swift; sourceTree = "<group>"; };
		847D545D1E585AD4001A1C4F /* Info.plist */ = {isa = PBXFileReference; lastKnownFileType = text.plist.xml; path = Info.plist; sourceTree = "<group>"; };
		847D546A1E586135001A1C4F /* TableViewCellUser.xib */ = {isa = PBXFileReference; fileEncoding = 4; lastKnownFileType = file.xib; path = TableViewCellUser.xib; sourceTree = "<group>"; };
		847D546E1E586284001A1C4F /* TableViewCellUser.swift */ = {isa = PBXFileReference; fileEncoding = 4; lastKnownFileType = sourcecode.swift; path = TableViewCellUser.swift; sourceTree = "<group>"; };
		847D54721E586787001A1C4F /* ViewControllerSplash.swift */ = {isa = PBXFileReference; fileEncoding = 4; lastKnownFileType = sourcecode.swift; path = ViewControllerSplash.swift; sourceTree = "<group>"; };
		847D54771E587562001A1C4F /* ModelUser.swift */ = {isa = PBXFileReference; fileEncoding = 4; lastKnownFileType = sourcecode.swift; path = ModelUser.swift; sourceTree = "<group>"; };
		847D54791E5879AC001A1C4F /* Cache.swift */ = {isa = PBXFileReference; fileEncoding = 4; lastKnownFileType = sourcecode.swift; path = Cache.swift; sourceTree = "<group>"; };
		847D547D1E588668001A1C4F /* TableViewCellEdit.xib */ = {isa = PBXFileReference; fileEncoding = 4; lastKnownFileType = file.xib; path = TableViewCellEdit.xib; sourceTree = "<group>"; };
		847D547F1E588C31001A1C4F /* TableViewCellUserEdit.swift */ = {isa = PBXFileReference; fileEncoding = 4; lastKnownFileType = sourcecode.swift; path = TableViewCellUserEdit.swift; sourceTree = "<group>"; };
		847D54811E588D0E001A1C4F /* ViewControllerEdit.swift */ = {isa = PBXFileReference; fileEncoding = 4; lastKnownFileType = sourcecode.swift; path = ViewControllerEdit.swift; sourceTree = "<group>"; };
		9A7520B8A8A65EE29B6756A6 /* Pods-IronWaterTest.debug.xcconfig */ = {isa = PBXFileReference; includeInIndex = 1; lastKnownFileType = text.xcconfig; name = "Pods-IronWaterTest.debug.xcconfig"; path = "Pods/Target Support Files/Pods-IronWaterTest/Pods-IronWaterTest.debug.xcconfig"; sourceTree = "<group>"; };
		A04663FD4E24BC95362E86C7 /* Pods-IronWaterTestUITests.debug.xcconfig */ = {isa = PBXFileReference; includeInIndex = 1; lastKnownFileType = text.xcconfig; name = "Pods-IronWaterTestUITests.debug.xcconfig"; path = "Pods/Target Support Files/Pods-IronWaterTestUITests/Pods-IronWaterTestUITests.debug.xcconfig"; sourceTree = "<group>"; };
		B670814A59702FDE6201BFAB /* Pods_IronWaterTestUITests.framework */ = {isa = PBXFileReference; explicitFileType = wrapper.framework; includeInIndex = 0; path = Pods_IronWaterTestUITests.framework; sourceTree = BUILT_PRODUCTS_DIR; };
		C1127C0A56C65E52C2492C2B /* Pods-IronWaterTestTests.release.xcconfig */ = {isa = PBXFileReference; includeInIndex = 1; lastKnownFileType = text.xcconfig; name = "Pods-IronWaterTestTests.release.xcconfig"; path = "Pods/Target Support Files/Pods-IronWaterTestTests/Pods-IronWaterTestTests.release.xcconfig"; sourceTree = "<group>"; };
		DA93C044FE0714ED8E950212 /* Pods_IronWaterTestTests.framework */ = {isa = PBXFileReference; explicitFileType = wrapper.framework; includeInIndex = 0; path = Pods_IronWaterTestTests.framework; sourceTree = BUILT_PRODUCTS_DIR; };
/* End PBXFileReference section */

/* Begin PBXFrameworksBuildPhase section */
		847D54351E585AD3001A1C4F /* Frameworks */ = {
			isa = PBXFrameworksBuildPhase;
			buildActionMask = 2147483647;
			files = (
				081441D24E42EB0DA902E294 /* Pods_IronWaterTest.framework in Frameworks */,
			);
			runOnlyForDeploymentPostprocessing = 0;
		};
		847D54491E585AD4001A1C4F /* Frameworks */ = {
			isa = PBXFrameworksBuildPhase;
			buildActionMask = 2147483647;
			files = (
				4EF2C6413ADCB4A507AB40EE /* Pods_IronWaterTestTests.framework in Frameworks */,
			);
			runOnlyForDeploymentPostprocessing = 0;
		};
		847D54541E585AD4001A1C4F /* Frameworks */ = {
			isa = PBXFrameworksBuildPhase;
			buildActionMask = 2147483647;
			files = (
				C73B9AC4B11355734FD175B9 /* Pods_IronWaterTestUITests.framework in Frameworks */,
			);
			runOnlyForDeploymentPostprocessing = 0;
		};
/* End PBXFrameworksBuildPhase section */

/* Begin PBXGroup section */
		45564DF531DD87BFE5C51AF0 /* Pods */ = {
			isa = PBXGroup;
			children = (
				9A7520B8A8A65EE29B6756A6 /* Pods-IronWaterTest.debug.xcconfig */,
				40E1419C71AF891B9FABDACC /* Pods-IronWaterTest.release.xcconfig */,
				3FBBFEB1EDBEF8178106522E /* Pods-IronWaterTestTests.debug.xcconfig */,
				C1127C0A56C65E52C2492C2B /* Pods-IronWaterTestTests.release.xcconfig */,
				A04663FD4E24BC95362E86C7 /* Pods-IronWaterTestUITests.debug.xcconfig */,
				51EE4DC96D5306EC4D4B0A30 /* Pods-IronWaterTestUITests.release.xcconfig */,
			);
			name = Pods;
			sourceTree = "<group>";
		};
		4C0DDCDCF123E2B89305F42E /* Frameworks */ = {
			isa = PBXGroup;
			children = (
				554B6755FB92E7B99256DA9D /* Pods_IronWaterTest.framework */,
				DA93C044FE0714ED8E950212 /* Pods_IronWaterTestTests.framework */,
				B670814A59702FDE6201BFAB /* Pods_IronWaterTestUITests.framework */,
			);
			name = Frameworks;
			sourceTree = "<group>";
		};
		847D542F1E585AD3001A1C4F = {
			isa = PBXGroup;
			children = (
				847D543A1E585AD3001A1C4F /* IronWaterTest */,
				847D544F1E585AD4001A1C4F /* IronWaterTestTests */,
				847D545A1E585AD4001A1C4F /* IronWaterTestUITests */,
				847D54391E585AD3001A1C4F /* Products */,
				45564DF531DD87BFE5C51AF0 /* Pods */,
				4C0DDCDCF123E2B89305F42E /* Frameworks */,
			);
			sourceTree = "<group>";
		};
		847D54391E585AD3001A1C4F /* Products */ = {
			isa = PBXGroup;
			children = (
				847D54381E585AD3001A1C4F /* IronWaterTest.app */,
				847D544C1E585AD4001A1C4F /* IronWaterTestTests.xctest */,
				847D54571E585AD4001A1C4F /* IronWaterTestUITests.xctest */,
			);
			name = Products;
			sourceTree = "<group>";
		};
		847D543A1E585AD3001A1C4F /* IronWaterTest */ = {
			isa = PBXGroup;
			children = (
				847D54761E587549001A1C4F /* Model */,
				847D54691E5860F8001A1C4F /* xib */,
				847D543B1E585AD3001A1C4F /* AppDelegate.swift */,
				847D543D1E585AD3001A1C4F /* ViewController.swift */,
				847D54811E588D0E001A1C4F /* ViewControllerEdit.swift */,
				847D543F1E585AD3001A1C4F /* Main.storyboard */,
				847D54421E585AD3001A1C4F /* Assets.xcassets */,
				847D54441E585AD3001A1C4F /* LaunchScreen.storyboard */,
				847D54471E585AD3001A1C4F /* Info.plist */,
				847D54721E586787001A1C4F /* ViewControllerSplash.swift */,
				847D54791E5879AC001A1C4F /* Cache.swift */,
				844D83711E59B33F00DFA006 /* Constants.swift */,
			);
			path = IronWaterTest;
			sourceTree = "<group>";
		};
		847D544F1E585AD4001A1C4F /* IronWaterTestTests */ = {
			isa = PBXGroup;
			children = (
				847D54501E585AD4001A1C4F /* IronWaterTestTests.swift */,
				847D54521E585AD4001A1C4F /* Info.plist */,
			);
			path = IronWaterTestTests;
			sourceTree = "<group>";
		};
		847D545A1E585AD4001A1C4F /* IronWaterTestUITests */ = {
			isa = PBXGroup;
			children = (
				847D545B1E585AD4001A1C4F /* IronWaterTestUITests.swift */,
				847D545D1E585AD4001A1C4F /* Info.plist */,
			);
			path = IronWaterTestUITests;
			sourceTree = "<group>";
		};
		847D54691E5860F8001A1C4F /* xib */ = {
			isa = PBXGroup;
			children = (
				847D546A1E586135001A1C4F /* TableViewCellUser.xib */,
				847D546E1E586284001A1C4F /* TableViewCellUser.swift */,
				847D547D1E588668001A1C4F /* TableViewCellEdit.xib */,
				847D547F1E588C31001A1C4F /* TableViewCellUserEdit.swift */,
				844D836B1E5983B900DFA006 /* TableViewGender.xib */,
				844D836F1E59890200DFA006 /* TableViewGender.swift */,
			);
			name = xib;
			sourceTree = "<group>";
		};
		847D54761E587549001A1C4F /* Model */ = {
			isa = PBXGroup;
			children = (
				847D54771E587562001A1C4F /* ModelUser.swift */,
			);
			name = Model;
			sourceTree = "<group>";
		};
/* End PBXGroup section */

/* Begin PBXNativeTarget section */
		847D54371E585AD3001A1C4F /* IronWaterTest */ = {
			isa = PBXNativeTarget;
			buildConfigurationList = 847D54601E585AD4001A1C4F /* Build configuration list for PBXNativeTarget "IronWaterTest" */;
			buildPhases = (
				C80AE54CAEEB4F855A64DEA1 /* [CP] Check Pods Manifest.lock */,
				847D54341E585AD3001A1C4F /* Sources */,
				847D54351E585AD3001A1C4F /* Frameworks */,
				847D54361E585AD3001A1C4F /* Resources */,
				D6203E5ECF2C632634D70299 /* [CP] Embed Pods Frameworks */,
				CDD363F69250969AA2F7747D /* [CP] Copy Pods Resources */,
			);
			buildRules = (
			);
			dependencies = (
			);
			name = IronWaterTest;
			productName = IronWaterTest;
			productReference = 847D54381E585AD3001A1C4F /* IronWaterTest.app */;
			productType = "com.apple.product-type.application";
		};
		847D544B1E585AD4001A1C4F /* IronWaterTestTests */ = {
			isa = PBXNativeTarget;
			buildConfigurationList = 847D54631E585AD4001A1C4F /* Build configuration list for PBXNativeTarget "IronWaterTestTests" */;
			buildPhases = (
				051674EC958F4D8EEF378B1B /* [CP] Check Pods Manifest.lock */,
				847D54481E585AD4001A1C4F /* Sources */,
				847D54491E585AD4001A1C4F /* Frameworks */,
				847D544A1E585AD4001A1C4F /* Resources */,
				0404D2C784E82F766F4E5D0D /* [CP] Embed Pods Frameworks */,
				F7D2E8CC54A01CF6A5B0A3A2 /* [CP] Copy Pods Resources */,
			);
			buildRules = (
			);
			dependencies = (
				847D544E1E585AD4001A1C4F /* PBXTargetDependency */,
			);
			name = IronWaterTestTests;
			productName = IronWaterTestTests;
			productReference = 847D544C1E585AD4001A1C4F /* IronWaterTestTests.xctest */;
			productType = "com.apple.product-type.bundle.unit-test";
		};
		847D54561E585AD4001A1C4F /* IronWaterTestUITests */ = {
			isa = PBXNativeTarget;
			buildConfigurationList = 847D54661E585AD4001A1C4F /* Build configuration list for PBXNativeTarget "IronWaterTestUITests" */;
			buildPhases = (
				53529CCA6DA2114D40014738 /* [CP] Check Pods Manifest.lock */,
				847D54531E585AD4001A1C4F /* Sources */,
				847D54541E585AD4001A1C4F /* Frameworks */,
				847D54551E585AD4001A1C4F /* Resources */,
				28E14A72D8FEC4C512102551 /* [CP] Embed Pods Frameworks */,
				D916DC51B575359E9E656F24 /* [CP] Copy Pods Resources */,
			);
			buildRules = (
			);
			dependencies = (
				847D54591E585AD4001A1C4F /* PBXTargetDependency */,
			);
			name = IronWaterTestUITests;
			productName = IronWaterTestUITests;
			productReference = 847D54571E585AD4001A1C4F /* IronWaterTestUITests.xctest */;
			productType = "com.apple.product-type.bundle.ui-testing";
		};
/* End PBXNativeTarget section */

/* Begin PBXProject section */
		847D54301E585AD3001A1C4F /* Project object */ = {
			isa = PBXProject;
			attributes = {
				LastSwiftUpdateCheck = 0820;
				LastUpgradeCheck = 0820;
				ORGANIZATIONNAME = "админ";
				TargetAttributes = {
					847D54371E585AD3001A1C4F = {
						CreatedOnToolsVersion = 8.2.1;
						ProvisioningStyle = Automatic;
					};
					847D544B1E585AD4001A1C4F = {
						CreatedOnToolsVersion = 8.2.1;
						ProvisioningStyle = Automatic;
						TestTargetID = 847D54371E585AD3001A1C4F;
					};
					847D54561E585AD4001A1C4F = {
						CreatedOnToolsVersion = 8.2.1;
						ProvisioningStyle = Automatic;
						TestTargetID = 847D54371E585AD3001A1C4F;
					};
				};
			};
			buildConfigurationList = 847D54331E585AD3001A1C4F /* Build configuration list for PBXProject "IronWaterTest" */;
			compatibilityVersion = "Xcode 3.2";
			developmentRegion = English;
			hasScannedForEncodings = 0;
			knownRegions = (
				en,
				Base,
			);
			mainGroup = 847D542F1E585AD3001A1C4F;
			productRefGroup = 847D54391E585AD3001A1C4F /* Products */;
			projectDirPath = "";
			projectRoot = "";
			targets = (
				847D54371E585AD3001A1C4F /* IronWaterTest */,
				847D544B1E585AD4001A1C4F /* IronWaterTestTests */,
				847D54561E585AD4001A1C4F /* IronWaterTestUITests */,
			);
		};
/* End PBXProject section */

/* Begin PBXResourcesBuildPhase section */
		847D54361E585AD3001A1C4F /* Resources */ = {
			isa = PBXResourcesBuildPhase;
			buildActionMask = 2147483647;
			files = (
				847D546B1E586135001A1C4F /* TableViewCellUser.xib in Resources */,
				844D836C1E5983B900DFA006 /* TableViewGender.xib in Resources */,
				847D54461E585AD3001A1C4F /* LaunchScreen.storyboard in Resources */,
				847D54431E585AD3001A1C4F /* Assets.xcassets in Resources */,
				847D54411E585AD3001A1C4F /* Main.storyboard in Resources */,
				847D547E1E588668001A1C4F /* TableViewCellEdit.xib in Resources */,
			);
			runOnlyForDeploymentPostprocessing = 0;
		};
		847D544A1E585AD4001A1C4F /* Resources */ = {
			isa = PBXResourcesBuildPhase;
			buildActionMask = 2147483647;
			files = (
			);
			runOnlyForDeploymentPostprocessing = 0;
		};
		847D54551E585AD4001A1C4F /* Resources */ = {
			isa = PBXResourcesBuildPhase;
			buildActionMask = 2147483647;
			files = (
			);
			runOnlyForDeploymentPostprocessing = 0;
		};
/* End PBXResourcesBuildPhase section */

/* Begin PBXShellScriptBuildPhase section */
		0404D2C784E82F766F4E5D0D /* [CP] Embed Pods Frameworks */ = {
			isa = PBXShellScriptBuildPhase;
			buildActionMask = 2147483647;
			files = (
			);
			inputPaths = (
			);
			name = "[CP] Embed Pods Frameworks";
			outputPaths = (
			);
			runOnlyForDeploymentPostprocessing = 0;
			shellPath = /bin/sh;
			shellScript = "\"${SRCROOT}/Pods/Target Support Files/Pods-IronWaterTestTests/Pods-IronWaterTestTests-frameworks.sh\"\n";
			showEnvVarsInLog = 0;
		};
		051674EC958F4D8EEF378B1B /* [CP] Check Pods Manifest.lock */ = {
			isa = PBXShellScriptBuildPhase;
			buildActionMask = 2147483647;
			files = (
			);
			inputPaths = (
			);
			name = "[CP] Check Pods Manifest.lock";
			outputPaths = (
			);
			runOnlyForDeploymentPostprocessing = 0;
			shellPath = /bin/sh;
			shellScript = "diff \"${PODS_ROOT}/../Podfile.lock\" \"${PODS_ROOT}/Manifest.lock\" > /dev/null\nif [ $? != 0 ] ; then\n    # print error to STDERR\n    echo \"error: The sandbox is not in sync with the Podfile.lock. Run 'pod install' or update your CocoaPods installation.\" >&2\n    exit 1\nfi\n";
			showEnvVarsInLog = 0;
		};
		28E14A72D8FEC4C512102551 /* [CP] Embed Pods Frameworks */ = {
			isa = PBXShellScriptBuildPhase;
			buildActionMask = 2147483647;
			files = (
			);
			inputPaths = (
			);
			name = "[CP] Embed Pods Frameworks";
			outputPaths = (
			);
			runOnlyForDeploymentPostprocessing = 0;
			shellPath = /bin/sh;
			shellScript = "\"${SRCROOT}/Pods/Target Support Files/Pods-IronWaterTestUITests/Pods-IronWaterTestUITests-frameworks.sh\"\n";
			showEnvVarsInLog = 0;
		};
		53529CCA6DA2114D40014738 /* [CP] Check Pods Manifest.lock */ = {
			isa = PBXShellScriptBuildPhase;
			buildActionMask = 2147483647;
			files = (
			);
			inputPaths = (
			);
			name = "[CP] Check Pods Manifest.lock";
			outputPaths = (
			);
			runOnlyForDeploymentPostprocessing = 0;
			shellPath = /bin/sh;
			shellScript = "diff \"${PODS_ROOT}/../Podfile.lock\" \"${PODS_ROOT}/Manifest.lock\" > /dev/null\nif [ $? != 0 ] ; then\n    # print error to STDERR\n    echo \"error: The sandbox is not in sync with the Podfile.lock. Run 'pod install' or update your CocoaPods installation.\" >&2\n    exit 1\nfi\n";
			showEnvVarsInLog = 0;
		};
		C80AE54CAEEB4F855A64DEA1 /* [CP] Check Pods Manifest.lock */ = {
			isa = PBXShellScriptBuildPhase;
			buildActionMask = 2147483647;
			files = (
			);
			inputPaths = (
			);
			name = "[CP] Check Pods Manifest.lock";
			outputPaths = (
			);
			runOnlyForDeploymentPostprocessing = 0;
			shellPath = /bin/sh;
			shellScript = "diff \"${PODS_ROOT}/../Podfile.lock\" \"${PODS_ROOT}/Manifest.lock\" > /dev/null\nif [ $? != 0 ] ; then\n    # print error to STDERR\n    echo \"error: The sandbox is not in sync with the Podfile.lock. Run 'pod install' or update your CocoaPods installation.\" >&2\n    exit 1\nfi\n";
			showEnvVarsInLog = 0;
		};
		CDD363F69250969AA2F7747D /* [CP] Copy Pods Resources */ = {
			isa = PBXShellScriptBuildPhase;
			buildActionMask = 2147483647;
			files = (
			);
			inputPaths = (
			);
			name = "[CP] Copy Pods Resources";
			outputPaths = (
			);
			runOnlyForDeploymentPostprocessing = 0;
			shellPath = /bin/sh;
			shellScript = "\"${SRCROOT}/Pods/Target Support Files/Pods-IronWaterTest/Pods-IronWaterTest-resources.sh\"\n";
			showEnvVarsInLog = 0;
		};
		D6203E5ECF2C632634D70299 /* [CP] Embed Pods Frameworks */ = {
			isa = PBXShellScriptBuildPhase;
			buildActionMask = 2147483647;
			files = (
			);
			inputPaths = (
			);
			name = "[CP] Embed Pods Frameworks";
			outputPaths = (
			);
			runOnlyForDeploymentPostprocessing = 0;
			shellPath = /bin/sh;
			shellScript = "\"${SRCROOT}/Pods/Target Support Files/Pods-IronWaterTest/Pods-IronWaterTest-frameworks.sh\"\n";
			showEnvVarsInLog = 0;
		};
		D916DC51B575359E9E656F24 /* [CP] Copy Pods Resources */ = {
			isa = PBXShellScriptBuildPhase;
			buildActionMask = 2147483647;
			files = (
			);
			inputPaths = (
			);
			name = "[CP] Copy Pods Resources";
			outputPaths = (
			);
			runOnlyForDeploymentPostprocessing = 0;
			shellPath = /bin/sh;
			shellScript = "\"${SRCROOT}/Pods/Target Support Files/Pods-IronWaterTestUITests/Pods-IronWaterTestUITests-resources.sh\"\n";
			showEnvVarsInLog = 0;
		};
		F7D2E8CC54A01CF6A5B0A3A2 /* [CP] Copy Pods Resources */ = {
			isa = PBXShellScriptBuildPhase;
			buildActionMask = 2147483647;
			files = (
			);
			inputPaths = (
			);
			name = "[CP] Copy Pods Resources";
			outputPaths = (
			);
			runOnlyForDeploymentPostprocessing = 0;
			shellPath = /bin/sh;
			shellScript = "\"${SRCROOT}/Pods/Target Support Files/Pods-IronWaterTestTests/Pods-IronWaterTestTests-resources.sh\"\n";
			showEnvVarsInLog = 0;
		};
/* End PBXShellScriptBuildPhase section */

/* Begin PBXSourcesBuildPhase section */
		847D54341E585AD3001A1C4F /* Sources */ = {
			isa = PBXSourcesBuildPhase;
			buildActionMask = 2147483647;
			files = (
				844D83701E59890200DFA006 /* TableViewGender.swift in Sources */,
				847D54821E588D0E001A1C4F /* ViewControllerEdit.swift in Sources */,
				847D543E1E585AD3001A1C4F /* ViewController.swift in Sources */,
				847D54801E588C31001A1C4F /* TableViewCellUserEdit.swift in Sources */,
				847D546F1E586284001A1C4F /* TableViewCellUser.swift in Sources */,
				844D83721E59B33F00DFA006 /* Constants.swift in Sources */,
				847D54781E587562001A1C4F /* ModelUser.swift in Sources */,
				847D543C1E585AD3001A1C4F /* AppDelegate.swift in Sources */,
				847D547A1E5879AC001A1C4F /* Cache.swift in Sources */,
				847D54731E586787001A1C4F /* ViewControllerSplash.swift in Sources */,
			);
			runOnlyForDeploymentPostprocessing = 0;
		};
		847D54481E585AD4001A1C4F /* Sources */ = {
			isa = PBXSourcesBuildPhase;
			buildActionMask = 2147483647;
			files = (
				847D54511E585AD4001A1C4F /* IronWaterTestTests.swift in Sources */,
			);
			runOnlyForDeploymentPostprocessing = 0;
		};
		847D54531E585AD4001A1C4F /* Sources */ = {
			isa = PBXSourcesBuildPhase;
			buildActionMask = 2147483647;
			files = (
				847D545C1E585AD4001A1C4F /* IronWaterTestUITests.swift in Sources */,
			);
			runOnlyForDeploymentPostprocessing = 0;
		};
/* End PBXSourcesBuildPhase section */

/* Begin PBXTargetDependency section */
		847D544E1E585AD4001A1C4F /* PBXTargetDependency */ = {
			isa = PBXTargetDependency;
			target = 847D54371E585AD3001A1C4F /* IronWaterTest */;
			targetProxy = 847D544D1E585AD4001A1C4F /* PBXContainerItemProxy */;
		};
		847D54591E585AD4001A1C4F /* PBXTargetDependency */ = {
			isa = PBXTargetDependency;
			target = 847D54371E585AD3001A1C4F /* IronWaterTest */;
			targetProxy = 847D54581E585AD4001A1C4F /* PBXContainerItemProxy */;
		};
/* End PBXTargetDependency section */

/* Begin PBXVariantGroup section */
		847D543F1E585AD3001A1C4F /* Main.storyboard */ = {
			isa = PBXVariantGroup;
			children = (
				847D54401E585AD3001A1C4F /* Base */,
			);
			name = Main.storyboard;
			sourceTree = "<group>";
		};
		847D54441E585AD3001A1C4F /* LaunchScreen.storyboard */ = {
			isa = PBXVariantGroup;
			children = (
				847D54451E585AD3001A1C4F /* Base */,
			);
			name = LaunchScreen.storyboard;
			sourceTree = "<group>";
		};
/* End PBXVariantGroup section */

/* Begin XCBuildConfiguration section */
		847D545E1E585AD4001A1C4F /* Debug */ = {
			isa = XCBuildConfiguration;
			buildSettings = {
				ALWAYS_SEARCH_USER_PATHS = NO;
				CLANG_ANALYZER_NONNULL = YES;
				CLANG_CXX_LANGUAGE_STANDARD = "gnu++0x";
				CLANG_CXX_LIBRARY = "libc++";
				CLANG_ENABLE_MODULES = YES;
				CLANG_ENABLE_OBJC_ARC = YES;
				CLANG_WARN_BOOL_CONVERSION = YES;
				CLANG_WARN_CONSTANT_CONVERSION = YES;
				CLANG_WARN_DIRECT_OBJC_ISA_USAGE = YES_ERROR;
				CLANG_WARN_DOCUMENTATION_COMMENTS = YES;
				CLANG_WARN_EMPTY_BODY = YES;
				CLANG_WARN_ENUM_CONVERSION = YES;
				CLANG_WARN_INFINITE_RECURSION = YES;
				CLANG_WARN_INT_CONVERSION = YES;
				CLANG_WARN_OBJC_ROOT_CLASS = YES_ERROR;
				CLANG_WARN_SUSPICIOUS_MOVE = YES;
				CLANG_WARN_UNREACHABLE_CODE = YES;
				CLANG_WARN__DUPLICATE_METHOD_MATCH = YES;
				"CODE_SIGN_IDENTITY[sdk=iphoneos*]" = "iPhone Developer";
				COPY_PHASE_STRIP = NO;
				DEBUG_INFORMATION_FORMAT = dwarf;
				ENABLE_STRICT_OBJC_MSGSEND = YES;
				ENABLE_TESTABILITY = YES;
				GCC_C_LANGUAGE_STANDARD = gnu99;
				GCC_DYNAMIC_NO_PIC = NO;
				GCC_NO_COMMON_BLOCKS = YES;
				GCC_OPTIMIZATION_LEVEL = 0;
				GCC_PREPROCESSOR_DEFINITIONS = (
					"DEBUG=1",
					"$(inherited)",
				);
				GCC_WARN_64_TO_32_BIT_CONVERSION = YES;
				GCC_WARN_ABOUT_RETURN_TYPE = YES_ERROR;
				GCC_WARN_UNDECLARED_SELECTOR = YES;
				GCC_WARN_UNINITIALIZED_AUTOS = YES_AGGRESSIVE;
				GCC_WARN_UNUSED_FUNCTION = YES;
				GCC_WARN_UNUSED_VARIABLE = YES;
				IPHONEOS_DEPLOYMENT_TARGET = 10.2;
				MTL_ENABLE_DEBUG_INFO = YES;
				ONLY_ACTIVE_ARCH = YES;
				SDKROOT = iphoneos;
				SWIFT_ACTIVE_COMPILATION_CONDITIONS = DEBUG;
				SWIFT_OPTIMIZATION_LEVEL = "-Onone";
				TARGETED_DEVICE_FAMILY = "1,2";
			};
			name = Debug;
		};
		847D545F1E585AD4001A1C4F /* Release */ = {
			isa = XCBuildConfiguration;
			buildSettings = {
				ALWAYS_SEARCH_USER_PATHS = NO;
				CLANG_ANALYZER_NONNULL = YES;
				CLANG_CXX_LANGUAGE_STANDARD = "gnu++0x";
				CLANG_CXX_LIBRARY = "libc++";
				CLANG_ENABLE_MODULES = YES;
				CLANG_ENABLE_OBJC_ARC = YES;
				CLANG_WARN_BOOL_CONVERSION = YES;
				CLANG_WARN_CONSTANT_CONVERSION = YES;
				CLANG_WARN_DIRECT_OBJC_ISA_USAGE = YES_ERROR;
				CLANG_WARN_DOCUMENTATION_COMMENTS = YES;
				CLANG_WARN_EMPTY_BODY = YES;
				CLANG_WARN_ENUM_CONVERSION = YES;
				CLANG_WARN_INFINITE_RECURSION = YES;
				CLANG_WARN_INT_CONVERSION = YES;
				CLANG_WARN_OBJC_ROOT_CLASS = YES_ERROR;
				CLANG_WARN_SUSPICIOUS_MOVE = YES;
				CLANG_WARN_UNREACHABLE_CODE = YES;
				CLANG_WARN__DUPLICATE_METHOD_MATCH = YES;
				"CODE_SIGN_IDENTITY[sdk=iphoneos*]" = "iPhone Developer";
				COPY_PHASE_STRIP = NO;
				DEBUG_INFORMATION_FORMAT = "dwarf-with-dsym";
				ENABLE_NS_ASSERTIONS = NO;
				ENABLE_STRICT_OBJC_MSGSEND = YES;
				GCC_C_LANGUAGE_STANDARD = gnu99;
				GCC_NO_COMMON_BLOCKS = YES;
				GCC_WARN_64_TO_32_BIT_CONVERSION = YES;
				GCC_WARN_ABOUT_RETURN_TYPE = YES_ERROR;
				GCC_WARN_UNDECLARED_SELECTOR = YES;
				GCC_WARN_UNINITIALIZED_AUTOS = YES_AGGRESSIVE;
				GCC_WARN_UNUSED_FUNCTION = YES;
				GCC_WARN_UNUSED_VARIABLE = YES;
				IPHONEOS_DEPLOYMENT_TARGET = 10.2;
				MTL_ENABLE_DEBUG_INFO = NO;
				SDKROOT = iphoneos;
				SWIFT_OPTIMIZATION_LEVEL = "-Owholemodule";
				TARGETED_DEVICE_FAMILY = "1,2";
				VALIDATE_PRODUCT = YES;
			};
			name = Release;
		};
		847D54611E585AD4001A1C4F /* Debug */ = {
			isa = XCBuildConfiguration;
			baseConfigurationReference = 9A7520B8A8A65EE29B6756A6 /* Pods-IronWaterTest.debug.xcconfig */;
			buildSettings = {
				ASSETCATALOG_COMPILER_APPICON_NAME = AppIcon;
				INFOPLIST_FILE = IronWaterTest/Info.plist;
				LD_RUNPATH_SEARCH_PATHS = "$(inherited) @executable_path/Frameworks";
				PRODUCT_BUNDLE_IDENTIFIER = Crimea.IronWaterTest;
				PRODUCT_NAME = "$(TARGET_NAME)";
				SWIFT_VERSION = 3.0;
			};
			name = Debug;
		};
		847D54621E585AD4001A1C4F /* Release */ = {
			isa = XCBuildConfiguration;
			baseConfigurationReference = 40E1419C71AF891B9FABDACC /* Pods-IronWaterTest.release.xcconfig */;
			buildSettings = {
				ASSETCATALOG_COMPILER_APPICON_NAME = AppIcon;
				INFOPLIST_FILE = IronWaterTest/Info.plist;
				LD_RUNPATH_SEARCH_PATHS = "$(inherited) @executable_path/Frameworks";
				PRODUCT_BUNDLE_IDENTIFIER = Crimea.IronWaterTest;
				PRODUCT_NAME = "$(TARGET_NAME)";
				SWIFT_VERSION = 3.0;
			};
			name = Release;
		};
		847D54641E585AD4001A1C4F /* Debug */ = {
			isa = XCBuildConfiguration;
			baseConfigurationReference = 3FBBFEB1EDBEF8178106522E /* Pods-IronWaterTestTests.debug.xcconfig */;
			buildSettings = {
				ALWAYS_EMBED_SWIFT_STANDARD_LIBRARIES = YES;
				BUNDLE_LOADER = "$(TEST_HOST)";
				INFOPLIST_FILE = IronWaterTestTests/Info.plist;
				LD_RUNPATH_SEARCH_PATHS = "$(inherited) @executable_path/Frameworks @loader_path/Frameworks";
				PRODUCT_BUNDLE_IDENTIFIER = Crimea.IronWaterTestTests;
				PRODUCT_NAME = "$(TARGET_NAME)";
				SWIFT_VERSION = 3.0;
				TEST_HOST = "$(BUILT_PRODUCTS_DIR)/IronWaterTest.app/IronWaterTest";
			};
			name = Debug;
		};
		847D54651E585AD4001A1C4F /* Release */ = {
			isa = XCBuildConfiguration;
			baseConfigurationReference = C1127C0A56C65E52C2492C2B /* Pods-IronWaterTestTests.release.xcconfig */;
			buildSettings = {
				ALWAYS_EMBED_SWIFT_STANDARD_LIBRARIES = YES;
				BUNDLE_LOADER = "$(TEST_HOST)";
				INFOPLIST_FILE = IronWaterTestTests/Info.plist;
				LD_RUNPATH_SEARCH_PATHS = "$(inherited) @executable_path/Frameworks @loader_path/Frameworks";
				PRODUCT_BUNDLE_IDENTIFIER = Crimea.IronWaterTestTests;
				PRODUCT_NAME = "$(TARGET_NAME)";
				SWIFT_VERSION = 3.0;
				TEST_HOST = "$(BUILT_PRODUCTS_DIR)/IronWaterTest.app/IronWaterTest";
			};
			name = Release;
		};
		847D54671E585AD4001A1C4F /* Debug */ = {
			isa = XCBuildConfiguration;
			baseConfigurationReference = A04663FD4E24BC95362E86C7 /* Pods-IronWaterTestUITests.debug.xcconfig */;
			buildSettings = {
				ALWAYS_EMBED_SWIFT_STANDARD_LIBRARIES = YES;
				INFOPLIST_FILE = IronWaterTestUITests/Info.plist;
				LD_RUNPATH_SEARCH_PATHS = "$(inherited) @executable_path/Frameworks @loader_path/Frameworks";
				PRODUCT_BUNDLE_IDENTIFIER = Crimea.IronWaterTestUITests;
				PRODUCT_NAME = "$(TARGET_NAME)";
				SWIFT_VERSION = 3.0;
				TEST_TARGET_NAME = IronWaterTest;
			};
			name = Debug;
		};
		847D54681E585AD4001A1C4F /* Release */ = {
			isa = XCBuildConfiguration;
			baseConfigurationReference = 51EE4DC96D5306EC4D4B0A30 /* Pods-IronWaterTestUITests.release.xcconfig */;
			buildSettings = {
				ALWAYS_EMBED_SWIFT_STANDARD_LIBRARIES = YES;
				INFOPLIST_FILE = IronWaterTestUITests/Info.plist;
				LD_RUNPATH_SEARCH_PATHS = "$(inherited) @executable_path/Frameworks @loader_path/Frameworks";
				PRODUCT_BUNDLE_IDENTIFIER = Crimea.IronWaterTestUITests;
				PRODUCT_NAME = "$(TARGET_NAME)";
				SWIFT_VERSION = 3.0;
				TEST_TARGET_NAME = IronWaterTest;
			};
			name = Release;
		};
/* End XCBuildConfiguration section */

/* Begin XCConfigurationList section */
		847D54331E585AD3001A1C4F /* Build configuration list for PBXProject "IronWaterTest" */ = {
			isa = XCConfigurationList;
			buildConfigurations = (
				847D545E1E585AD4001A1C4F /* Debug */,
				847D545F1E585AD4001A1C4F /* Release */,
			);
			defaultConfigurationIsVisible = 0;
			defaultConfigurationName = Release;
		};
		847D54601E585AD4001A1C4F /* Build configuration list for PBXNativeTarget "IronWaterTest" */ = {
			isa = XCConfigurationList;
			buildConfigurations = (
				847D54611E585AD4001A1C4F /* Debug */,
				847D54621E585AD4001A1C4F /* Release */,
			);
			defaultConfigurationIsVisible = 0;
			defaultConfigurationName = Release;
		};
		847D54631E585AD4001A1C4F /* Build configuration list for PBXNativeTarget "IronWaterTestTests" */ = {
			isa = XCConfigurationList;
			buildConfigurations = (
				847D54641E585AD4001A1C4F /* Debug */,
				847D54651E585AD4001A1C4F /* Release */,
			);
			defaultConfigurationIsVisible = 0;
			defaultConfigurationName = Release;
		};
		847D54661E585AD4001A1C4F /* Build configuration list for PBXNativeTarget "IronWaterTestUITests" */ = {
			isa = XCConfigurationList;
			buildConfigurations = (
				847D54671E585AD4001A1C4F /* Debug */,
				847D54681E585AD4001A1C4F /* Release */,
			);
			defaultConfigurationIsVisible = 0;
			defaultConfigurationName = Release;
		};
/* End XCConfigurationList section */
	};
	rootObject = 847D54301E585AD3001A1C4F /* Project object */;
}
